// !$*UTF8*$!
{
	archiveVersion = 1;
	classes = {
	};
	objectVersion = 46;
	objects = {

/* Begin PBXBuildFile section */
		8B2B978D1E56A67C00C49822 /* SwiftyJSON.framework in Frameworks */ = {isa = PBXBuildFile; fileRef = 8B2B978C1E56A67C00C49822 /* SwiftyJSON.framework */; };
		8B2B978F1E56A68100C49822 /* YYModel.framework in Frameworks */ = {isa = PBXBuildFile; fileRef = 8B2B978E1E56A68100C49822 /* YYModel.framework */; };
		8B2B97921E56DE7900C49822 /* URLFiles.swift in Sources */ = {isa = PBXBuildFile; fileRef = 8B2B97911E56DE7900C49822 /* URLFiles.swift */; };
		8B2B97941E56DE9A00C49822 /* Common.swift in Sources */ = {isa = PBXBuildFile; fileRef = 8B2B97931E56DE9A00C49822 /* Common.swift */; };
		8B2B97971E56E59A00C49822 /* SQNewsTableViewCell.swift in Sources */ = {isa = PBXBuildFile; fileRef = 8B2B97951E56E59A00C49822 /* SQNewsTableViewCell.swift */; };
		8B2B97981E56E59A00C49822 /* SQNewsTableViewCell.xib in Resources */ = {isa = PBXBuildFile; fileRef = 8B2B97961E56E59A00C49822 /* SQNewsTableViewCell.xib */; };
		8B2B979A1E56E5DF00C49822 /* SQNewsModel.swift in Sources */ = {isa = PBXBuildFile; fileRef = 8B2B97991E56E5DF00C49822 /* SQNewsModel.swift */; };
		8B51E1671E559E6B00B1FCA2 /* Assets.xcassets in Resources */ = {isa = PBXBuildFile; fileRef = 8B51E1661E559E6B00B1FCA2 /* Assets.xcassets */; };
		8B51E1891E55A54700B1FCA2 /* AppDelegate.swift in Sources */ = {isa = PBXBuildFile; fileRef = 8B51E1721E55A54700B1FCA2 /* AppDelegate.swift */; };
		8B51E18B1E55A59700B1FCA2 /* SQDiscoverViewController.swift in Sources */ = {isa = PBXBuildFile; fileRef = 8B51E18A1E55A59700B1FCA2 /* SQDiscoverViewController.swift */; };
		8B51E18D1E55A5E000B1FCA2 /* SQMineViewController.swift in Sources */ = {isa = PBXBuildFile; fileRef = 8B51E18C1E55A5E000B1FCA2 /* SQMineViewController.swift */; };
		8B51E18F1E55A5ED00B1FCA2 /* SQNewsViewController.swift in Sources */ = {isa = PBXBuildFile; fileRef = 8B51E18E1E55A5ED00B1FCA2 /* SQNewsViewController.swift */; };
		8B51E1911E55A5FA00B1FCA2 /* SQTweetsViewController.swift in Sources */ = {isa = PBXBuildFile; fileRef = 8B51E1901E55A5FA00B1FCA2 /* SQTweetsViewController.swift */; };
		8B51E1931E55A67C00B1FCA2 /* SQRootViewController.swift in Sources */ = {isa = PBXBuildFile; fileRef = 8B51E1921E55A67C00B1FCA2 /* SQRootViewController.swift */; };
		8B51E1951E55A70900B1FCA2 /* SQNavigationController.swift in Sources */ = {isa = PBXBuildFile; fileRef = 8B51E1941E55A70900B1FCA2 /* SQNavigationController.swift */; };
		8B51E1971E55B06A00B1FCA2 /* UIColor+Extension.swift in Sources */ = {isa = PBXBuildFile; fileRef = 8B51E1961E55B06A00B1FCA2 /* UIColor+Extension.swift */; };
		8B6FC7131E55EA7900378CDB /* SQBaseViewController.swift in Sources */ = {isa = PBXBuildFile; fileRef = 8B6FC7121E55EA7900378CDB /* SQBaseViewController.swift */; };
		8B9D36671E57E7100094C586 /* SQUtils.swift in Sources */ = {isa = PBXBuildFile; fileRef = 8B9D36661E57E7100094C586 /* SQUtils.swift */; };
		8BC62D811E569D6900E5A5BE /* SQNetworkManager.swift in Sources */ = {isa = PBXBuildFile; fileRef = 8BC62D801E569D6900E5A5BE /* SQNetworkManager.swift */; };
		8BC62D851E56A40100E5A5BE /* Alamofire.framework in Frameworks */ = {isa = PBXBuildFile; fileRef = 8BC62D841E56A40100E5A5BE /* Alamofire.framework */; };
		8BC62D891E56A40900E5A5BE /* MJRefresh.framework in Frameworks */ = {isa = PBXBuildFile; fileRef = 8BC62D881E56A40900E5A5BE /* MJRefresh.framework */; };
		8BC62D8B1E56A40D00E5A5BE /* Kingfisher.framework in Frameworks */ = {isa = PBXBuildFile; fileRef = 8BC62D8A1E56A40D00E5A5BE /* Kingfisher.framework */; };
		8BD629401E5BD50200F0E5FA /* URLRouter.swift in Sources */ = {isa = PBXBuildFile; fileRef = 8BD6293F1E5BD50200F0E5FA /* URLRouter.swift */; };
		8BD629431E5BE57500F0E5FA /* String+Extension.swift in Sources */ = {isa = PBXBuildFile; fileRef = 8BD629421E5BE57500F0E5FA /* String+Extension.swift */; };
		8BD629451E5BEC5E00F0E5FA /* AdverticeImage.swift in Sources */ = {isa = PBXBuildFile; fileRef = 8BD629441E5BEC5E00F0E5FA /* AdverticeImage.swift */; };
		8BD629471E5C1BDD00F0E5FA /* RecommendModel.swift in Sources */ = {isa = PBXBuildFile; fileRef = 8BD629461E5C1BDD00F0E5FA /* RecommendModel.swift */; };
		8BD629491E5C3EC400F0E5FA /* SQCycleScrollView.swift in Sources */ = {isa = PBXBuildFile; fileRef = 8BD629481E5C3EC400F0E5FA /* SQCycleScrollView.swift */; };
		8BD6294B1E5C48F100F0E5FA /* RecommendHeaderView.swift in Sources */ = {isa = PBXBuildFile; fileRef = 8BD6294A1E5C48F100F0E5FA /* RecommendHeaderView.swift */; };
		B24DB912B758E92315618FD0 /* Pods_iosapp_swift.framework in Frameworks */ = {isa = PBXBuildFile; fileRef = 7B58C59DDB5DDFF140D05B3D /* Pods_iosapp_swift.framework */; };
/* End PBXBuildFile section */

/* Begin PBXFileReference section */
		42E3677FB5F29D701DA8303F /* Pods-iosapp-swift.debug.xcconfig */ = {isa = PBXFileReference; includeInIndex = 1; lastKnownFileType = text.xcconfig; name = "Pods-iosapp-swift.debug.xcconfig"; path = "Pods/Target Support Files/Pods-iosapp-swift/Pods-iosapp-swift.debug.xcconfig"; sourceTree = "<group>"; };
		4AF76E358F3968335E469F50 /* Pods-iosapp-swift.release.xcconfig */ = {isa = PBXFileReference; includeInIndex = 1; lastKnownFileType = text.xcconfig; name = "Pods-iosapp-swift.release.xcconfig"; path = "Pods/Target Support Files/Pods-iosapp-swift/Pods-iosapp-swift.release.xcconfig"; sourceTree = "<group>"; };
		7B58C59DDB5DDFF140D05B3D /* Pods_iosapp_swift.framework */ = {isa = PBXFileReference; explicitFileType = wrapper.framework; includeInIndex = 0; path = Pods_iosapp_swift.framework; sourceTree = BUILT_PRODUCTS_DIR; };
		8B2B978C1E56A67C00C49822 /* SwiftyJSON.framework */ = {isa = PBXFileReference; lastKnownFileType = wrapper.framework; name = SwiftyJSON.framework; path = "../../Library/Developer/Xcode/DerivedData/iosapp-swift-feykzivvortzyygrtvzylutdrqwu/Build/Products/Debug-iphonesimulator/SwiftyJSON/SwiftyJSON.framework"; sourceTree = "<group>"; };
		8B2B978E1E56A68100C49822 /* YYModel.framework */ = {isa = PBXFileReference; lastKnownFileType = wrapper.framework; name = YYModel.framework; path = "../../Library/Developer/Xcode/DerivedData/iosapp-swift-feykzivvortzyygrtvzylutdrqwu/Build/Products/Debug-iphonesimulator/YYModel/YYModel.framework"; sourceTree = "<group>"; };
		8B2B97911E56DE7900C49822 /* URLFiles.swift */ = {isa = PBXFileReference; fileEncoding = 4; lastKnownFileType = sourcecode.swift; path = URLFiles.swift; sourceTree = "<group>"; };
		8B2B97931E56DE9A00C49822 /* Common.swift */ = {isa = PBXFileReference; fileEncoding = 4; lastKnownFileType = sourcecode.swift; path = Common.swift; sourceTree = "<group>"; };
		8B2B97951E56E59A00C49822 /* SQNewsTableViewCell.swift */ = {isa = PBXFileReference; fileEncoding = 4; lastKnownFileType = sourcecode.swift; path = SQNewsTableViewCell.swift; sourceTree = "<group>"; };
		8B2B97961E56E59A00C49822 /* SQNewsTableViewCell.xib */ = {isa = PBXFileReference; fileEncoding = 4; lastKnownFileType = file.xib; path = SQNewsTableViewCell.xib; sourceTree = "<group>"; };
		8B2B97991E56E5DF00C49822 /* SQNewsModel.swift */ = {isa = PBXFileReference; fileEncoding = 4; lastKnownFileType = sourcecode.swift; path = SQNewsModel.swift; sourceTree = "<group>"; };
		8B2B979B1E56EA9D00C49822 /* OC-Bridging-Header.h */ = {isa = PBXFileReference; fileEncoding = 4; lastKnownFileType = sourcecode.c.h; path = "OC-Bridging-Header.h"; sourceTree = "<group>"; };
		8B51E15C1E559E6B00B1FCA2 /* iosapp-swift.app */ = {isa = PBXFileReference; explicitFileType = wrapper.application; includeInIndex = 0; path = "iosapp-swift.app"; sourceTree = BUILT_PRODUCTS_DIR; };
		8B51E1661E559E6B00B1FCA2 /* Assets.xcassets */ = {isa = PBXFileReference; lastKnownFileType = folder.assetcatalog; path = Assets.xcassets; sourceTree = "<group>"; };
		8B51E16B1E559E6B00B1FCA2 /* Info.plist */ = {isa = PBXFileReference; lastKnownFileType = text.plist.xml; path = Info.plist; sourceTree = "<group>"; };
		8B51E1721E55A54700B1FCA2 /* AppDelegate.swift */ = {isa = PBXFileReference; fileEncoding = 4; lastKnownFileType = sourcecode.swift; path = AppDelegate.swift; sourceTree = "<group>"; };
		8B51E18A1E55A59700B1FCA2 /* SQDiscoverViewController.swift */ = {isa = PBXFileReference; fileEncoding = 4; lastKnownFileType = sourcecode.swift; path = SQDiscoverViewController.swift; sourceTree = "<group>"; };
		8B51E18C1E55A5E000B1FCA2 /* SQMineViewController.swift */ = {isa = PBXFileReference; fileEncoding = 4; lastKnownFileType = sourcecode.swift; path = SQMineViewController.swift; sourceTree = "<group>"; };
		8B51E18E1E55A5ED00B1FCA2 /* SQNewsViewController.swift */ = {isa = PBXFileReference; fileEncoding = 4; lastKnownFileType = sourcecode.swift; path = SQNewsViewController.swift; sourceTree = "<group>"; };
		8B51E1901E55A5FA00B1FCA2 /* SQTweetsViewController.swift */ = {isa = PBXFileReference; fileEncoding = 4; lastKnownFileType = sourcecode.swift; path = SQTweetsViewController.swift; sourceTree = "<group>"; };
		8B51E1921E55A67C00B1FCA2 /* SQRootViewController.swift */ = {isa = PBXFileReference; fileEncoding = 4; lastKnownFileType = sourcecode.swift; path = SQRootViewController.swift; sourceTree = "<group>"; };
		8B51E1941E55A70900B1FCA2 /* SQNavigationController.swift */ = {isa = PBXFileReference; fileEncoding = 4; lastKnownFileType = sourcecode.swift; path = SQNavigationController.swift; sourceTree = "<group>"; };
		8B51E1961E55B06A00B1FCA2 /* UIColor+Extension.swift */ = {isa = PBXFileReference; fileEncoding = 4; lastKnownFileType = sourcecode.swift; path = "UIColor+Extension.swift"; sourceTree = "<group>"; };
		8B6FC7121E55EA7900378CDB /* SQBaseViewController.swift */ = {isa = PBXFileReference; fileEncoding = 4; lastKnownFileType = sourcecode.swift; path = SQBaseViewController.swift; sourceTree = "<group>"; };
		8B9D36661E57E7100094C586 /* SQUtils.swift */ = {isa = PBXFileReference; fileEncoding = 4; lastKnownFileType = sourcecode.swift; path = SQUtils.swift; sourceTree = "<group>"; };
		8BC62D801E569D6900E5A5BE /* SQNetworkManager.swift */ = {isa = PBXFileReference; fileEncoding = 4; lastKnownFileType = sourcecode.swift; path = SQNetworkManager.swift; sourceTree = "<group>"; };
		8BC62D841E56A40100E5A5BE /* Alamofire.framework */ = {isa = PBXFileReference; lastKnownFileType = wrapper.framework; name = Alamofire.framework; path = "../../Library/Developer/Xcode/DerivedData/iosapp-swift-feykzivvortzyygrtvzylutdrqwu/Build/Products/Debug-iphonesimulator/Alamofire/Alamofire.framework"; sourceTree = "<group>"; };
		8BC62D861E56A40500E5A5BE /* SnapKit.framework */ = {isa = PBXFileReference; lastKnownFileType = wrapper.framework; name = SnapKit.framework; path = "../../Library/Developer/Xcode/DerivedData/iosapp-swift-feykzivvortzyygrtvzylutdrqwu/Build/Products/Debug-iphonesimulator/SnapKit/SnapKit.framework"; sourceTree = "<group>"; };
		8BC62D881E56A40900E5A5BE /* MJRefresh.framework */ = {isa = PBXFileReference; lastKnownFileType = wrapper.framework; name = MJRefresh.framework; path = "../../Library/Developer/Xcode/DerivedData/iosapp-swift-feykzivvortzyygrtvzylutdrqwu/Build/Products/Debug-iphonesimulator/MJRefresh/MJRefresh.framework"; sourceTree = "<group>"; };
		8BC62D8A1E56A40D00E5A5BE /* Kingfisher.framework */ = {isa = PBXFileReference; lastKnownFileType = wrapper.framework; name = Kingfisher.framework; path = "../../Library/Developer/Xcode/DerivedData/iosapp-swift-feykzivvortzyygrtvzylutdrqwu/Build/Products/Debug-iphonesimulator/Kingfisher/Kingfisher.framework"; sourceTree = "<group>"; };
		8BD6293F1E5BD50200F0E5FA /* URLRouter.swift */ = {isa = PBXFileReference; fileEncoding = 4; lastKnownFileType = sourcecode.swift; path = URLRouter.swift; sourceTree = "<group>"; };
		8BD629421E5BE57500F0E5FA /* String+Extension.swift */ = {isa = PBXFileReference; fileEncoding = 4; lastKnownFileType = sourcecode.swift; path = "String+Extension.swift"; sourceTree = "<group>"; };
		8BD629441E5BEC5E00F0E5FA /* AdverticeImage.swift */ = {isa = PBXFileReference; fileEncoding = 4; lastKnownFileType = sourcecode.swift; path = AdverticeImage.swift; sourceTree = "<group>"; };
		8BD629461E5C1BDD00F0E5FA /* RecommendModel.swift */ = {isa = PBXFileReference; fileEncoding = 4; lastKnownFileType = sourcecode.swift; path = RecommendModel.swift; sourceTree = "<group>"; };
		8BD629481E5C3EC400F0E5FA /* SQCycleScrollView.swift */ = {isa = PBXFileReference; fileEncoding = 4; lastKnownFileType = sourcecode.swift; path = SQCycleScrollView.swift; sourceTree = "<group>"; };
		8BD6294A1E5C48F100F0E5FA /* RecommendHeaderView.swift */ = {isa = PBXFileReference; fileEncoding = 4; lastKnownFileType = sourcecode.swift; path = RecommendHeaderView.swift; sourceTree = "<group>"; };
/* End PBXFileReference section */

/* Begin PBXFrameworksBuildPhase section */
		8B51E1591E559E6B00B1FCA2 /* Frameworks */ = {
			isa = PBXFrameworksBuildPhase;
			buildActionMask = 2147483647;
			files = (
				8B2B978F1E56A68100C49822 /* YYModel.framework in Frameworks */,
				8B2B978D1E56A67C00C49822 /* SwiftyJSON.framework in Frameworks */,
				8BC62D8B1E56A40D00E5A5BE /* Kingfisher.framework in Frameworks */,
				8BC62D891E56A40900E5A5BE /* MJRefresh.framework in Frameworks */,
				8BC62D851E56A40100E5A5BE /* Alamofire.framework in Frameworks */,
				B24DB912B758E92315618FD0 /* Pods_iosapp_swift.framework in Frameworks */,
			);
			runOnlyForDeploymentPostprocessing = 0;
		};
/* End PBXFrameworksBuildPhase section */

/* Begin PBXGroup section */
		1AA828047CF0DA6A4CFF9EB6 /* Frameworks */ = {
			isa = PBXGroup;
			children = (
				8B2B978E1E56A68100C49822 /* YYModel.framework */,
				8B2B978C1E56A67C00C49822 /* SwiftyJSON.framework */,
				8BC62D8A1E56A40D00E5A5BE /* Kingfisher.framework */,
				8BC62D881E56A40900E5A5BE /* MJRefresh.framework */,
				8BC62D861E56A40500E5A5BE /* SnapKit.framework */,
				8BC62D841E56A40100E5A5BE /* Alamofire.framework */,
				7B58C59DDB5DDFF140D05B3D /* Pods_iosapp_swift.framework */,
			);
			name = Frameworks;
			sourceTree = "<group>";
		};
		7D39467AAF03A095C8BDB367 /* Pods */ = {
			isa = PBXGroup;
			children = (
				42E3677FB5F29D701DA8303F /* Pods-iosapp-swift.debug.xcconfig */,
				4AF76E358F3968335E469F50 /* Pods-iosapp-swift.release.xcconfig */,
			);
			name = Pods;
			sourceTree = "<group>";
		};
		8B2B97901E56DDF600C49822 /* ViewModels */ = {
			isa = PBXGroup;
			children = (
			);
			name = ViewModels;
			sourceTree = "<group>";
		};
		8B51E1531E559E6B00B1FCA2 = {
			isa = PBXGroup;
			children = (
				8B51E15E1E559E6B00B1FCA2 /* iosapp-swift */,
				8B51E15D1E559E6B00B1FCA2 /* Products */,
				7D39467AAF03A095C8BDB367 /* Pods */,
				1AA828047CF0DA6A4CFF9EB6 /* Frameworks */,
			);
			sourceTree = "<group>";
		};
		8B51E15D1E559E6B00B1FCA2 /* Products */ = {
			isa = PBXGroup;
			children = (
				8B51E15C1E559E6B00B1FCA2 /* iosapp-swift.app */,
			);
			name = Products;
			sourceTree = "<group>";
		};
		8B51E15E1E559E6B00B1FCA2 /* iosapp-swift */ = {
			isa = PBXGroup;
			children = (
				8B51E1711E55A54700B1FCA2 /* Application */,
				8B51E1741E55A54700B1FCA2 /* Main */,
				8B51E1731E55A54700B1FCA2 /* Categories */,
				8B6FC7111E55EA5D00378CDB /* Common */,
				8B51E1851E55A54700B1FCA2 /* Navigation */,
				8B51E1861E55A54700B1FCA2 /* RootVC */,
				8BC62D7F1E569D0E00E5A5BE /* NetwrokManager */,
				8B51E1871E55A54700B1FCA2 /* Utils */,
				8B51E1881E55A54700B1FCA2 /* Vendor */,
				8B2B979B1E56EA9D00C49822 /* OC-Bridging-Header.h */,
				8B2B97911E56DE7900C49822 /* URLFiles.swift */,
				8B2B97931E56DE9A00C49822 /* Common.swift */,
				8B51E1661E559E6B00B1FCA2 /* Assets.xcassets */,
				8B51E16B1E559E6B00B1FCA2 /* Info.plist */,
			);
			path = "iosapp-swift";
			sourceTree = "<group>";
		};
		8B51E1711E55A54700B1FCA2 /* Application */ = {
			isa = PBXGroup;
			children = (
				8B51E1721E55A54700B1FCA2 /* AppDelegate.swift */,
				8BD629441E5BEC5E00F0E5FA /* AdverticeImage.swift */,
			);
			path = Application;
			sourceTree = "<group>";
		};
		8B51E1731E55A54700B1FCA2 /* Categories */ = {
			isa = PBXGroup;
			children = (
				8B51E1961E55B06A00B1FCA2 /* UIColor+Extension.swift */,
				8BD629421E5BE57500F0E5FA /* String+Extension.swift */,
			);
			path = Categories;
			sourceTree = "<group>";
		};
		8B51E1741E55A54700B1FCA2 /* Main */ = {
			isa = PBXGroup;
			children = (
				8B51E1751E55A54700B1FCA2 /* Discover */,
				8B51E1791E55A54700B1FCA2 /* Mine */,
				8B51E17D1E55A54700B1FCA2 /* News */,
				8B51E1811E55A54700B1FCA2 /* Tweets */,
			);
			path = Main;
			sourceTree = "<group>";
		};
		8B51E1751E55A54700B1FCA2 /* Discover */ = {
			isa = PBXGroup;
			children = (
				8B51E1761E55A54700B1FCA2 /* Models */,
				8B51E1771E55A54700B1FCA2 /* ViewControllers */,
				8B51E1781E55A54700B1FCA2 /* Views */,
			);
			path = Discover;
			sourceTree = "<group>";
		};
		8B51E1761E55A54700B1FCA2 /* Models */ = {
			isa = PBXGroup;
			children = (
			);
			path = Models;
			sourceTree = "<group>";
		};
		8B51E1771E55A54700B1FCA2 /* ViewControllers */ = {
			isa = PBXGroup;
			children = (
				8B51E18A1E55A59700B1FCA2 /* SQDiscoverViewController.swift */,
			);
			path = ViewControllers;
			sourceTree = "<group>";
		};
		8B51E1781E55A54700B1FCA2 /* Views */ = {
			isa = PBXGroup;
			children = (
			);
			path = Views;
			sourceTree = "<group>";
		};
		8B51E1791E55A54700B1FCA2 /* Mine */ = {
			isa = PBXGroup;
			children = (
				8B51E17A1E55A54700B1FCA2 /* Models */,
				8B51E17B1E55A54700B1FCA2 /* ViewControllers */,
				8B51E17C1E55A54700B1FCA2 /* Views */,
			);
			path = Mine;
			sourceTree = "<group>";
		};
		8B51E17A1E55A54700B1FCA2 /* Models */ = {
			isa = PBXGroup;
			children = (
			);
			path = Models;
			sourceTree = "<group>";
		};
		8B51E17B1E55A54700B1FCA2 /* ViewControllers */ = {
			isa = PBXGroup;
			children = (
				8B51E18C1E55A5E000B1FCA2 /* SQMineViewController.swift */,
			);
			path = ViewControllers;
			sourceTree = "<group>";
		};
		8B51E17C1E55A54700B1FCA2 /* Views */ = {
			isa = PBXGroup;
			children = (
			);
			path = Views;
			sourceTree = "<group>";
		};
		8B51E17D1E55A54700B1FCA2 /* News */ = {
			isa = PBXGroup;
			children = (
				8B2B97901E56DDF600C49822 /* ViewModels */,
				8B51E17E1E55A54700B1FCA2 /* Models */,
				8B51E17F1E55A54700B1FCA2 /* ViewControllers */,
				8B51E1801E55A54700B1FCA2 /* Views */,
			);
			path = News;
			sourceTree = "<group>";
		};
		8B51E17E1E55A54700B1FCA2 /* Models */ = {
			isa = PBXGroup;
			children = (
				8B2B97991E56E5DF00C49822 /* SQNewsModel.swift */,
				8BD629461E5C1BDD00F0E5FA /* RecommendModel.swift */,
			);
			path = Models;
			sourceTree = "<group>";
		};
		8B51E17F1E55A54700B1FCA2 /* ViewControllers */ = {
			isa = PBXGroup;
			children = (
				8B51E18E1E55A5ED00B1FCA2 /* SQNewsViewController.swift */,
			);
			path = ViewControllers;
			sourceTree = "<group>";
		};
		8B51E1801E55A54700B1FCA2 /* Views */ = {
			isa = PBXGroup;
			children = (
				8B2B97951E56E59A00C49822 /* SQNewsTableViewCell.swift */,
				8B2B97961E56E59A00C49822 /* SQNewsTableViewCell.xib */,
				8BD6294A1E5C48F100F0E5FA /* RecommendHeaderView.swift */,
			);
			path = Views;
			sourceTree = "<group>";
		};
		8B51E1811E55A54700B1FCA2 /* Tweets */ = {
			isa = PBXGroup;
			children = (
				8B51E1821E55A54700B1FCA2 /* Models */,
				8B51E1831E55A54700B1FCA2 /* ViewControllers */,
				8B51E1841E55A54700B1FCA2 /* Views */,
			);
			path = Tweets;
			sourceTree = "<group>";
		};
		8B51E1821E55A54700B1FCA2 /* Models */ = {
			isa = PBXGroup;
			children = (
			);
			path = Models;
			sourceTree = "<group>";
		};
		8B51E1831E55A54700B1FCA2 /* ViewControllers */ = {
			isa = PBXGroup;
			children = (
				8B51E1901E55A5FA00B1FCA2 /* SQTweetsViewController.swift */,
			);
			path = ViewControllers;
			sourceTree = "<group>";
		};
		8B51E1841E55A54700B1FCA2 /* Views */ = {
			isa = PBXGroup;
			children = (
			);
			path = Views;
			sourceTree = "<group>";
		};
		8B51E1851E55A54700B1FCA2 /* Navigation */ = {
			isa = PBXGroup;
			children = (
				8B51E1941E55A70900B1FCA2 /* SQNavigationController.swift */,
			);
			path = Navigation;
			sourceTree = "<group>";
		};
		8B51E1861E55A54700B1FCA2 /* RootVC */ = {
			isa = PBXGroup;
			children = (
				8B51E1921E55A67C00B1FCA2 /* SQRootViewController.swift */,
			);
			path = RootVC;
			sourceTree = "<group>";
		};
		8B51E1871E55A54700B1FCA2 /* Utils */ = {
			isa = PBXGroup;
			children = (
				8B9D36661E57E7100094C586 /* SQUtils.swift */,
			);
			path = Utils;
			sourceTree = "<group>";
		};
		8B51E1881E55A54700B1FCA2 /* Vendor */ = {
			isa = PBXGroup;
			children = (
				8BD629481E5C3EC400F0E5FA /* SQCycleScrollView.swift */,
			);
			path = Vendor;
			sourceTree = "<group>";
		};
		8B6FC7111E55EA5D00378CDB /* Common */ = {
			isa = PBXGroup;
			children = (
				8B6FC7121E55EA7900378CDB /* SQBaseViewController.swift */,
			);
			path = Common;
			sourceTree = "<group>";
		};
		8BC62D7F1E569D0E00E5A5BE /* NetwrokManager */ = {
			isa = PBXGroup;
			children = (
				8BC62D801E569D6900E5A5BE /* SQNetworkManager.swift */,
				8BD6293F1E5BD50200F0E5FA /* URLRouter.swift */,
			);
			path = NetwrokManager;
			sourceTree = "<group>";
		};
/* End PBXGroup section */

/* Begin PBXNativeTarget section */
		8B51E15B1E559E6B00B1FCA2 /* iosapp-swift */ = {
			isa = PBXNativeTarget;
			buildConfigurationList = 8B51E16E1E559E6B00B1FCA2 /* Build configuration list for PBXNativeTarget "iosapp-swift" */;
			buildPhases = (
				B4192F20366FBCE1D1BA9704 /* [CP] Check Pods Manifest.lock */,
				8B51E1581E559E6B00B1FCA2 /* Sources */,
				8B51E1591E559E6B00B1FCA2 /* Frameworks */,
				8B51E15A1E559E6B00B1FCA2 /* Resources */,
				5F70FC908D73381143608769 /* [CP] Embed Pods Frameworks */,
				04F08829F73A1EE218B36492 /* [CP] Copy Pods Resources */,
			);
			buildRules = (
			);
			dependencies = (
			);
			name = "iosapp-swift";
			productName = "iosapp-swift";
			productReference = 8B51E15C1E559E6B00B1FCA2 /* iosapp-swift.app */;
			productType = "com.apple.product-type.application";
		};
/* End PBXNativeTarget section */

/* Begin PBXProject section */
		8B51E1541E559E6B00B1FCA2 /* Project object */ = {
			isa = PBXProject;
			attributes = {
				CLASSPREFIX = "";
				LastSwiftUpdateCheck = 0820;
				LastUpgradeCheck = 0820;
				ORGANIZATIONNAME = ysq;
				TargetAttributes = {
					8B51E15B1E559E6B00B1FCA2 = {
						CreatedOnToolsVersion = 8.2.1;
						DevelopmentTeam = KAN8WX649Q;
						ProvisioningStyle = Automatic;
					};
				};
			};
			buildConfigurationList = 8B51E1571E559E6B00B1FCA2 /* Build configuration list for PBXProject "iosapp-swift" */;
			compatibilityVersion = "Xcode 3.2";
			developmentRegion = English;
			hasScannedForEncodings = 0;
			knownRegions = (
				en,
				Base,
			);
			mainGroup = 8B51E1531E559E6B00B1FCA2;
			productRefGroup = 8B51E15D1E559E6B00B1FCA2 /* Products */;
			projectDirPath = "";
			projectRoot = "";
			targets = (
				8B51E15B1E559E6B00B1FCA2 /* iosapp-swift */,
			);
		};
/* End PBXProject section */

/* Begin PBXResourcesBuildPhase section */
		8B51E15A1E559E6B00B1FCA2 /* Resources */ = {
			isa = PBXResourcesBuildPhase;
			buildActionMask = 2147483647;
			files = (
				8B2B97981E56E59A00C49822 /* SQNewsTableViewCell.xib in Resources */,
				8B51E1671E559E6B00B1FCA2 /* Assets.xcassets in Resources */,
			);
			runOnlyForDeploymentPostprocessing = 0;
		};
/* End PBXResourcesBuildPhase section */

/* Begin PBXShellScriptBuildPhase section */
		04F08829F73A1EE218B36492 /* [CP] Copy Pods Resources */ = {
			isa = PBXShellScriptBuildPhase;
			buildActionMask = 2147483647;
			files = (
			);
			inputPaths = (
			);
			name = "[CP] Copy Pods Resources";
			outputPaths = (
			);
			runOnlyForDeploymentPostprocessing = 0;
			shellPath = /bin/sh;
			shellScript = "\"${SRCROOT}/Pods/Target Support Files/Pods-iosapp-swift/Pods-iosapp-swift-resources.sh\"\n";
			showEnvVarsInLog = 0;
		};
		5F70FC908D73381143608769 /* [CP] Embed Pods Frameworks */ = {
			isa = PBXShellScriptBuildPhase;
			buildActionMask = 2147483647;
			files = (
			);
			inputPaths = (
			);
			name = "[CP] Embed Pods Frameworks";
			outputPaths = (
			);
			runOnlyForDeploymentPostprocessing = 0;
			shellPath = /bin/sh;
			shellScript = "\"${SRCROOT}/Pods/Target Support Files/Pods-iosapp-swift/Pods-iosapp-swift-frameworks.sh\"\n";
			showEnvVarsInLog = 0;
		};
		B4192F20366FBCE1D1BA9704 /* [CP] Check Pods Manifest.lock */ = {
			isa = PBXShellScriptBuildPhase;
			buildActionMask = 2147483647;
			files = (
			);
			inputPaths = (
			);
			name = "[CP] Check Pods Manifest.lock";
			outputPaths = (
			);
			runOnlyForDeploymentPostprocessing = 0;
			shellPath = /bin/sh;
			shellScript = "diff \"${PODS_ROOT}/../Podfile.lock\" \"${PODS_ROOT}/Manifest.lock\" > /dev/null\nif [ $? != 0 ] ; then\n    # print error to STDERR\n    echo \"error: The sandbox is not in sync with the Podfile.lock. Run 'pod install' or update your CocoaPods installation.\" >&2\n    exit 1\nfi\n";
			showEnvVarsInLog = 0;
		};
/* End PBXShellScriptBuildPhase section */

/* Begin PBXSourcesBuildPhase section */
		8B51E1581E559E6B00B1FCA2 /* Sources */ = {
			isa = PBXSourcesBuildPhase;
			buildActionMask = 2147483647;
			files = (
				8BD629491E5C3EC400F0E5FA /* SQCycleScrollView.swift in Sources */,
				8B51E18B1E55A59700B1FCA2 /* SQDiscoverViewController.swift in Sources */,
				8BD629401E5BD50200F0E5FA /* URLRouter.swift in Sources */,
				8B2B979A1E56E5DF00C49822 /* SQNewsModel.swift in Sources */,
				8B6FC7131E55EA7900378CDB /* SQBaseViewController.swift in Sources */,
				8B2B97941E56DE9A00C49822 /* Common.swift in Sources */,
				8BD629451E5BEC5E00F0E5FA /* AdverticeImage.swift in Sources */,
				8B51E18F1E55A5ED00B1FCA2 /* SQNewsViewController.swift in Sources */,
				8B51E1911E55A5FA00B1FCA2 /* SQTweetsViewController.swift in Sources */,
				8B51E1971E55B06A00B1FCA2 /* UIColor+Extension.swift in Sources */,
				8BD629431E5BE57500F0E5FA /* String+Extension.swift in Sources */,
				8BC62D811E569D6900E5A5BE /* SQNetworkManager.swift in Sources */,
				8BD6294B1E5C48F100F0E5FA /* RecommendHeaderView.swift in Sources */,
				8B51E18D1E55A5E000B1FCA2 /* SQMineViewController.swift in Sources */,
				8B51E1931E55A67C00B1FCA2 /* SQRootViewController.swift in Sources */,
				8BD629471E5C1BDD00F0E5FA /* RecommendModel.swift in Sources */,
				8B51E1891E55A54700B1FCA2 /* AppDelegate.swift in Sources */,
				8B2B97971E56E59A00C49822 /* SQNewsTableViewCell.swift in Sources */,
				8B9D36671E57E7100094C586 /* SQUtils.swift in Sources */,
				8B51E1951E55A70900B1FCA2 /* SQNavigationController.swift in Sources */,
				8B2B97921E56DE7900C49822 /* URLFiles.swift in Sources */,
			);
			runOnlyForDeploymentPostprocessing = 0;
		};
/* End PBXSourcesBuildPhase section */

/* Begin XCBuildConfiguration section */
		8B51E16C1E559E6B00B1FCA2 /* Debug */ = {
			isa = XCBuildConfiguration;
			buildSettings = {
				ALWAYS_SEARCH_USER_PATHS = NO;
				CLANG_ANALYZER_NONNULL = YES;
				CLANG_CXX_LANGUAGE_STANDARD = "gnu++0x";
				CLANG_CXX_LIBRARY = "libc++";
				CLANG_ENABLE_MODULES = YES;
				CLANG_ENABLE_OBJC_ARC = YES;
				CLANG_WARN_BOOL_CONVERSION = YES;
				CLANG_WARN_CONSTANT_CONVERSION = YES;
				CLANG_WARN_DIRECT_OBJC_ISA_USAGE = YES_ERROR;
				CLANG_WARN_DOCUMENTATION_COMMENTS = YES;
				CLANG_WARN_EMPTY_BODY = YES;
				CLANG_WARN_ENUM_CONVERSION = YES;
				CLANG_WARN_INFINITE_RECURSION = YES;
				CLANG_WARN_INT_CONVERSION = YES;
				CLANG_WARN_OBJC_ROOT_CLASS = YES_ERROR;
				CLANG_WARN_SUSPICIOUS_MOVE = YES;
				CLANG_WARN_UNREACHABLE_CODE = YES;
				CLANG_WARN__DUPLICATE_METHOD_MATCH = YES;
				"CODE_SIGN_IDENTITY[sdk=iphoneos*]" = "iPhone Developer";
				COPY_PHASE_STRIP = NO;
				DEBUG_INFORMATION_FORMAT = dwarf;
				ENABLE_STRICT_OBJC_MSGSEND = YES;
				ENABLE_TESTABILITY = YES;
				GCC_C_LANGUAGE_STANDARD = gnu99;
				GCC_DYNAMIC_NO_PIC = NO;
				GCC_NO_COMMON_BLOCKS = YES;
				GCC_OPTIMIZATION_LEVEL = 0;
				GCC_PREPROCESSOR_DEFINITIONS = (
					"DEBUG=1",
					"$(inherited)",
				);
				GCC_WARN_64_TO_32_BIT_CONVERSION = YES;
				GCC_WARN_ABOUT_RETURN_TYPE = YES_ERROR;
				GCC_WARN_UNDECLARED_SELECTOR = YES;
				GCC_WARN_UNINITIALIZED_AUTOS = YES_AGGRESSIVE;
				GCC_WARN_UNUSED_FUNCTION = YES;
				GCC_WARN_UNUSED_VARIABLE = YES;
				IPHONEOS_DEPLOYMENT_TARGET = 10.1;
				MTL_ENABLE_DEBUG_INFO = YES;
				ONLY_ACTIVE_ARCH = YES;
				SDKROOT = iphoneos;
				SWIFT_ACTIVE_COMPILATION_CONDITIONS = DEBUG;
				SWIFT_OPTIMIZATION_LEVEL = "-Onone";
				TARGETED_DEVICE_FAMILY = "1,2";
			};
			name = Debug;
		};
		8B51E16D1E559E6B00B1FCA2 /* Release */ = {
			isa = XCBuildConfiguration;
			buildSettings = {
				ALWAYS_SEARCH_USER_PATHS = NO;
				CLANG_ANALYZER_NONNULL = YES;
				CLANG_CXX_LANGUAGE_STANDARD = "gnu++0x";
				CLANG_CXX_LIBRARY = "libc++";
				CLANG_ENABLE_MODULES = YES;
				CLANG_ENABLE_OBJC_ARC = YES;
				CLANG_WARN_BOOL_CONVERSION = YES;
				CLANG_WARN_CONSTANT_CONVERSION = YES;
				CLANG_WARN_DIRECT_OBJC_ISA_USAGE = YES_ERROR;
				CLANG_WARN_DOCUMENTATION_COMMENTS = YES;
				CLANG_WARN_EMPTY_BODY = YES;
				CLANG_WARN_ENUM_CONVERSION = YES;
				CLANG_WARN_INFINITE_RECURSION = YES;
				CLANG_WARN_INT_CONVERSION = YES;
				CLANG_WARN_OBJC_ROOT_CLASS = YES_ERROR;
				CLANG_WARN_SUSPICIOUS_MOVE = YES;
				CLANG_WARN_UNREACHABLE_CODE = YES;
				CLANG_WARN__DUPLICATE_METHOD_MATCH = YES;
				"CODE_SIGN_IDENTITY[sdk=iphoneos*]" = "iPhone Developer";
				COPY_PHASE_STRIP = NO;
				DEBUG_INFORMATION_FORMAT = "dwarf-with-dsym";
				ENABLE_NS_ASSERTIONS = NO;
				ENABLE_STRICT_OBJC_MSGSEND = YES;
				GCC_C_LANGUAGE_STANDARD = gnu99;
				GCC_NO_COMMON_BLOCKS = YES;
				GCC_WARN_64_TO_32_BIT_CONVERSION = YES;
				GCC_WARN_ABOUT_RETURN_TYPE = YES_ERROR;
				GCC_WARN_UNDECLARED_SELECTOR = YES;
				GCC_WARN_UNINITIALIZED_AUTOS = YES_AGGRESSIVE;
				GCC_WARN_UNUSED_FUNCTION = YES;
				GCC_WARN_UNUSED_VARIABLE = YES;
				IPHONEOS_DEPLOYMENT_TARGET = 10.1;
				MTL_ENABLE_DEBUG_INFO = NO;
				SDKROOT = iphoneos;
				SWIFT_OPTIMIZATION_LEVEL = "-Owholemodule";
				TARGETED_DEVICE_FAMILY = "1,2";
				VALIDATE_PRODUCT = YES;
			};
			name = Release;
		};
		8B51E16F1E559E6B00B1FCA2 /* Debug */ = {
			isa = XCBuildConfiguration;
			baseConfigurationReference = 42E3677FB5F29D701DA8303F /* Pods-iosapp-swift.debug.xcconfig */;
			buildSettings = {
				ALWAYS_EMBED_SWIFT_STANDARD_LIBRARIES = YES;
				ASSETCATALOG_COMPILER_APPICON_NAME = AppIcon;
				ASSETCATALOG_COMPILER_LAUNCHIMAGE_NAME = LaunchImage;
				DEVELOPMENT_TEAM = KAN8WX649Q;
				FRAMEWORK_SEARCH_PATHS = (
					"$(inherited)",
					"$(PROJECT_DIR)/build/Debug-iphoneos/YYModel",
					"$(PROJECT_DIR)/build/Debug-iphoneos/SwiftyJSON",
				);
				INFOPLIST_FILE = "iosapp-swift/Info.plist";
				IPHONEOS_DEPLOYMENT_TARGET = 10.1;
				LD_RUNPATH_SEARCH_PATHS = "$(inherited) @executable_path/Frameworks";
				PRODUCT_BUNDLE_IDENTIFIER = "ysq.iosapp-swift";
				PRODUCT_NAME = "$(TARGET_NAME)";
				SWIFT_OBJC_BRIDGING_HEADER = "/Users/yinsiqian/Desktop/iosapp-swift/iosapp-swift/OC-Bridging-Header.h";
				SWIFT_VERSION = 3.0;
				TARGETED_DEVICE_FAMILY = 1;
			};
			name = Debug;
		};
		8B51E1701E559E6B00B1FCA2 /* Release */ = {
			isa = XCBuildConfiguration;
			baseConfigurationReference = 4AF76E358F3968335E469F50 /* Pods-iosapp-swift.release.xcconfig */;
			buildSettings = {
				ALWAYS_EMBED_SWIFT_STANDARD_LIBRARIES = YES;
				ASSETCATALOG_COMPILER_APPICON_NAME = AppIcon;
				ASSETCATALOG_COMPILER_LAUNCHIMAGE_NAME = LaunchImage;
				DEVELOPMENT_TEAM = KAN8WX649Q;
				FRAMEWORK_SEARCH_PATHS = (
					"$(inherited)",
					"$(PROJECT_DIR)/build/Debug-iphoneos/YYModel",
					"$(PROJECT_DIR)/build/Debug-iphoneos/SwiftyJSON",
				);
				INFOPLIST_FILE = "iosapp-swift/Info.plist";
				IPHONEOS_DEPLOYMENT_TARGET = 10.1;
				LD_RUNPATH_SEARCH_PATHS = "$(inherited) @executable_path/Frameworks";
				PRODUCT_BUNDLE_IDENTIFIER = "ysq.iosapp-swift";
				PRODUCT_NAME = "$(TARGET_NAME)";
				SWIFT_OBJC_BRIDGING_HEADER = "/Users/yinsiqian/Desktop/iosapp-swift/iosapp-swift/OC-Bridging-Header.h";
				SWIFT_VERSION = 3.0;
				TARGETED_DEVICE_FAMILY = 1;
			};
			name = Release;
		};
/* End XCBuildConfiguration section */

/* Begin XCConfigurationList section */
		8B51E1571E559E6B00B1FCA2 /* Build configuration list for PBXProject "iosapp-swift" */ = {
			isa = XCConfigurationList;
			buildConfigurations = (
				8B51E16C1E559E6B00B1FCA2 /* Debug */,
				8B51E16D1E559E6B00B1FCA2 /* Release */,
			);
			defaultConfigurationIsVisible = 0;
			defaultConfigurationName = Release;
		};
		8B51E16E1E559E6B00B1FCA2 /* Build configuration list for PBXNativeTarget "iosapp-swift" */ = {
			isa = XCConfigurationList;
			buildConfigurations = (
				8B51E16F1E559E6B00B1FCA2 /* Debug */,
				8B51E1701E559E6B00B1FCA2 /* Release */,
			);
			defaultConfigurationIsVisible = 0;
			defaultConfigurationName = Release;
		};
/* End XCConfigurationList section */
	};
	rootObject = 8B51E1541E559E6B00B1FCA2 /* Project object */;
}
